
Microsoft Visual Studio Solution File, Format Version 12.00
# Visual Studio Version 17
VisualStudioVersion = 17.0.31903.59
MinimumVisualStudioVersion = 10.0.40219.1
Project("{FAE04EC0-301F-11D3-BF4B-00C04F79EFBC}") = "Sentinel.Diagnostics.Core", "Sentinel.Diagnostics.Core\Sentinel.Diagnostics.Core.csproj", "{05AF701E-EF1B-4C22-BA9E-B8C35B5E2CC3}"
EndProject
Project("{FAE04EC0-301F-11D3-BF4B-00C04F79EFBC}") = "Sentinel.Diagnostics.Policies", "Sentinel.Diagnostics.Policies\Sentinel.Diagnostics.Policies.csproj", "{C7F3C624-7F7D-4985-AF4D-562A18F7160C}"
EndProject
Project("{FAE04EC0-301F-11D3-BF4B-00C04F79EFBC}") = "Sentinel.Diagnostics.Retry", "Sentinel.Diagnostics.Retry\Sentinel.Diagnostics.Retry.csproj", "{D97853D8-2523-4B90-A7A1-7788A145130A}"
EndProject
Project("{FAE04EC0-301F-11D3-BF4B-00C04F79EFBC}") = "Sentinel.Diagnostics.OTel", "Sentinel.Diagnostics.OTel\Sentinel.Diagnostics.OTel.csproj", "{88DEEB6B-BED4-42CD-99E6-79A608CEA9E5}"
EndProject
Project("{FAE04EC0-301F-11D3-BF4B-00C04F79EFBC}") = "Sentinel.Diagnostics.Generator", "Sentinel.Diagnostics.Generator\Sentinel.Diagnostics.Generator.csproj", "{E7E94274-ABC0-4211-B284-426AE80F637B}"
EndProject
Project("{FAE04EC0-301F-11D3-BF4B-00C04F79EFBC}") = "Sentinel.Diagnostics.Tests", "Sentinel.Diagnostics.Tests\Sentinel.Diagnostics.Tests.csproj", "{1AC69E8D-DB15-44EC-8C8A-1ACF78ADBD73}"
EndProject
Project("{FAE04EC0-301F-11D3-BF4B-00C04F79EFBC}") = "Sentinel.Diagnostics.Instrumentation", "Sentinel.Diagnostics.Instrumentation\Sentinel.Diagnostics.Instrumentation.csproj", "{DE516098-D5C9-C5EA-5526-1E1D42D779BF}"
EndProject
Project("{FAE04EC0-301F-11D3-BF4B-00C04F79EFBC}") = "Sentinel.Diagnostics.Cli", "Sentinel.Diagnostics.Cli\Sentinel.Diagnostics.Cli.csproj", "{3DB229A9-A264-A3EB-6064-70BFB8A31EC1}"
EndProject
Global
	GlobalSection(SolutionConfigurationPlatforms) = preSolution
		Debug|Any CPU = Debug|Any CPU
		Debug|x64 = Debug|x64
		Debug|x86 = Debug|x86
		Release|Any CPU = Release|Any CPU
		Release|x64 = Release|x64
		Release|x86 = Release|x86
	EndGlobalSection
	GlobalSection(ProjectConfigurationPlatforms) = postSolution
		{05AF701E-EF1B-4C22-BA9E-B8C35B5E2CC3}.Debug|Any CPU.ActiveCfg = Debug|Any CPU
		{05AF701E-EF1B-4C22-BA9E-B8C35B5E2CC3}.Debug|Any CPU.Build.0 = Debug|Any CPU
		{05AF701E-EF1B-4C22-BA9E-B8C35B5E2CC3}.Debug|x64.ActiveCfg = Debug|Any CPU
		{05AF701E-EF1B-4C22-BA9E-B8C35B5E2CC3}.Debug|x64.Build.0 = Debug|Any CPU
		{05AF701E-EF1B-4C22-BA9E-B8C35B5E2CC3}.Debug|x86.ActiveCfg = Debug|Any CPU
		{05AF701E-EF1B-4C22-BA9E-B8C35B5E2CC3}.Debug|x86.Build.0 = Debug|Any CPU
		{05AF701E-EF1B-4C22-BA9E-B8C35B5E2CC3}.Release|Any CPU.ActiveCfg = Release|Any CPU
		{05AF701E-EF1B-4C22-BA9E-B8C35B5E2CC3}.Release|Any CPU.Build.0 = Release|Any CPU
		{05AF701E-EF1B-4C22-BA9E-B8C35B5E2CC3}.Release|x64.ActiveCfg = Release|Any CPU
		{05AF701E-EF1B-4C22-BA9E-B8C35B5E2CC3}.Release|x64.Build.0 = Release|Any CPU
		{05AF701E-EF1B-4C22-BA9E-B8C35B5E2CC3}.Release|x86.ActiveCfg = Release|Any CPU
		{05AF701E-EF1B-4C22-BA9E-B8C35B5E2CC3}.Release|x86.Build.0 = Release|Any CPU
		{C7F3C624-7F7D-4985-AF4D-562A18F7160C}.Debug|Any CPU.ActiveCfg = Debug|Any CPU
		{C7F3C624-7F7D-4985-AF4D-562A18F7160C}.Debug|Any CPU.Build.0 = Debug|Any CPU
		{C7F3C624-7F7D-4985-AF4D-562A18F7160C}.Debug|x64.ActiveCfg = Debug|Any CPU
		{C7F3C624-7F7D-4985-AF4D-562A18F7160C}.Debug|x64.Build.0 = Debug|Any CPU
		{C7F3C624-7F7D-4985-AF4D-562A18F7160C}.Debug|x86.ActiveCfg = Debug|Any CPU
		{C7F3C624-7F7D-4985-AF4D-562A18F7160C}.Debug|x86.Build.0 = Debug|Any CPU
		{C7F3C624-7F7D-4985-AF4D-562A18F7160C}.Release|Any CPU.ActiveCfg = Release|Any CPU
		{C7F3C624-7F7D-4985-AF4D-562A18F7160C}.Release|Any CPU.Build.0 = Release|Any CPU
		{C7F3C624-7F7D-4985-AF4D-562A18F7160C}.Release|x64.ActiveCfg = Release|Any CPU
		{C7F3C624-7F7D-4985-AF4D-562A18F7160C}.Release|x64.Build.0 = Release|Any CPU
		{C7F3C624-7F7D-4985-AF4D-562A18F7160C}.Release|x86.ActiveCfg = Release|Any CPU
		{C7F3C624-7F7D-4985-AF4D-562A18F7160C}.Release|x86.Build.0 = Release|Any CPU
		{D97853D8-2523-4B90-A7A1-7788A145130A}.Debug|Any CPU.ActiveCfg = Debug|Any CPU
		{D97853D8-2523-4B90-A7A1-7788A145130A}.Debug|Any CPU.Build.0 = Debug|Any CPU
		{D97853D8-2523-4B90-A7A1-7788A145130A}.Debug|x64.ActiveCfg = Debug|Any CPU
		{D97853D8-2523-4B90-A7A1-7788A145130A}.Debug|x64.Build.0 = Debug|Any CPU
		{D97853D8-2523-4B90-A7A1-7788A145130A}.Debug|x86.ActiveCfg = Debug|Any CPU
		{D97853D8-2523-4B90-A7A1-7788A145130A}.Debug|x86.Build.0 = Debug|Any CPU
		{D97853D8-2523-4B90-A7A1-7788A145130A}.Release|Any CPU.ActiveCfg = Release|Any CPU
		{D97853D8-2523-4B90-A7A1-7788A145130A}.Release|Any CPU.Build.0 = Release|Any CPU
		{D97853D8-2523-4B90-A7A1-7788A145130A}.Release|x64.ActiveCfg = Release|Any CPU
		{D97853D8-2523-4B90-A7A1-7788A145130A}.Release|x64.Build.0 = Release|Any CPU
		{D97853D8-2523-4B90-A7A1-7788A145130A}.Release|x86.ActiveCfg = Release|Any CPU
		{D97853D8-2523-4B90-A7A1-7788A145130A}.Release|x86.Build.0 = Release|Any CPU
		{88DEEB6B-BED4-42CD-99E6-79A608CEA9E5}.Debug|Any CPU.ActiveCfg = Debug|Any CPU
		{88DEEB6B-BED4-42CD-99E6-79A608CEA9E5}.Debug|Any CPU.Build.0 = Debug|Any CPU
		{88DEEB6B-BED4-42CD-99E6-79A608CEA9E5}.Debug|x64.ActiveCfg = Debug|Any CPU
		{88DEEB6B-BED4-42CD-99E6-79A608CEA9E5}.Debug|x64.Build.0 = Debug|Any CPU
		{88DEEB6B-BED4-42CD-99E6-79A608CEA9E5}.Debug|x86.ActiveCfg = Debug|Any CPU
		{88DEEB6B-BED4-42CD-99E6-79A608CEA9E5}.Debug|x86.Build.0 = Debug|Any CPU
		{88DEEB6B-BED4-42CD-99E6-79A608CEA9E5}.Release|Any CPU.ActiveCfg = Release|Any CPU
		{88DEEB6B-BED4-42CD-99E6-79A608CEA9E5}.Release|Any CPU.Build.0 = Release|Any CPU
		{88DEEB6B-BED4-42CD-99E6-79A608CEA9E5}.Release|x64.ActiveCfg = Release|Any CPU
		{88DEEB6B-BED4-42CD-99E6-79A608CEA9E5}.Release|x64.Build.0 = Release|Any CPU
		{88DEEB6B-BED4-42CD-99E6-79A608CEA9E5}.Release|x86.ActiveCfg = Release|Any CPU
		{88DEEB6B-BED4-42CD-99E6-79A608CEA9E5}.Release|x86.Build.0 = Release|Any CPU
		{E7E94274-ABC0-4211-B284-426AE80F637B}.Debug|Any CPU.ActiveCfg = Debug|Any CPU
		{E7E94274-ABC0-4211-B284-426AE80F637B}.Debug|Any CPU.Build.0 = Debug|Any CPU
		{E7E94274-ABC0-4211-B284-426AE80F637B}.Debug|x64.ActiveCfg = Debug|Any CPU
		{E7E94274-ABC0-4211-B284-426AE80F637B}.Debug|x64.Build.0 = Debug|Any CPU
		{E7E94274-ABC0-4211-B284-426AE80F637B}.Debug|x86.ActiveCfg = Debug|Any CPU
		{E7E94274-ABC0-4211-B284-426AE80F637B}.Debug|x86.Build.0 = Debug|Any CPU
		{E7E94274-ABC0-4211-B284-426AE80F637B}.Release|Any CPU.ActiveCfg = Release|Any CPU
		{E7E94274-ABC0-4211-B284-426AE80F637B}.Release|Any CPU.Build.0 = Release|Any CPU
		{E7E94274-ABC0-4211-B284-426AE80F637B}.Release|x64.ActiveCfg = Release|Any CPU
		{E7E94274-ABC0-4211-B284-426AE80F637B}.Release|x64.Build.0 = Release|Any CPU
		{E7E94274-ABC0-4211-B284-426AE80F637B}.Release|x86.ActiveCfg = Release|Any CPU
		{E7E94274-ABC0-4211-B284-426AE80F637B}.Release|x86.Build.0 = Release|Any CPU
		{1AC69E8D-DB15-44EC-8C8A-1ACF78ADBD73}.Debug|Any CPU.ActiveCfg = Debug|Any CPU
		{1AC69E8D-DB15-44EC-8C8A-1ACF78ADBD73}.Debug|Any CPU.Build.0 = Debug|Any CPU
		{1AC69E8D-DB15-44EC-8C8A-1ACF78ADBD73}.Debug|x64.ActiveCfg = Debug|Any CPU
		{1AC69E8D-DB15-44EC-8C8A-1ACF78ADBD73}.Debug|x64.Build.0 = Debug|Any CPU
		{1AC69E8D-DB15-44EC-8C8A-1ACF78ADBD73}.Debug|x86.ActiveCfg = Debug|Any CPU
		{1AC69E8D-DB15-44EC-8C8A-1ACF78ADBD73}.Debug|x86.Build.0 = Debug|Any CPU
		{1AC69E8D-DB15-44EC-8C8A-1ACF78ADBD73}.Release|Any CPU.ActiveCfg = Release|Any CPU
		{1AC69E8D-DB15-44EC-8C8A-1ACF78ADBD73}.Release|Any CPU.Build.0 = Release|Any CPU
		{1AC69E8D-DB15-44EC-8C8A-1ACF78ADBD73}.Release|x64.ActiveCfg = Release|Any CPU
		{1AC69E8D-DB15-44EC-8C8A-1ACF78ADBD73}.Release|x64.Build.0 = Release|Any CPU
		{1AC69E8D-DB15-44EC-8C8A-1ACF78ADBD73}.Release|x86.ActiveCfg = Release|Any CPU
		{1AC69E8D-DB15-44EC-8C8A-1ACF78ADBD73}.Release|x86.Build.0 = Release|Any CPU
		{DE516098-D5C9-C5EA-5526-1E1D42D779BF}.Debug|Any CPU.ActiveCfg = Debug|Any CPU
		{DE516098-D5C9-C5EA-5526-1E1D42D779BF}.Debug|Any CPU.Build.0 = Debug|Any CPU
		{DE516098-D5C9-C5EA-5526-1E1D42D779BF}.Debug|x64.ActiveCfg = Debug|Any CPU
		{DE516098-D5C9-C5EA-5526-1E1D42D779BF}.Debug|x64.Build.0 = Debug|Any CPU
		{DE516098-D5C9-C5EA-5526-1E1D42D779BF}.Debug|x86.ActiveCfg = Debug|Any CPU
		{DE516098-D5C9-C5EA-5526-1E1D42D779BF}.Debug|x86.Build.0 = Debug|Any CPU
		{DE516098-D5C9-C5EA-5526-1E1D42D779BF}.Release|Any CPU.ActiveCfg = Release|Any CPU
		{DE516098-D5C9-C5EA-5526-1E1D42D779BF}.Release|Any CPU.Build.0 = Release|Any CPU
		{DE516098-D5C9-C5EA-5526-1E1D42D779BF}.Release|x64.ActiveCfg = Release|Any CPU
		{DE516098-D5C9-C5EA-5526-1E1D42D779BF}.Release|x64.Build.0 = Release|Any CPU
		{DE516098-D5C9-C5EA-5526-1E1D42D779BF}.Release|x86.ActiveCfg = Release|Any CPU
		{DE516098-D5C9-C5EA-5526-1E1D42D779BF}.Release|x86.Build.0 = Release|Any CPU
		{3DB229A9-A264-A3EB-6064-70BFB8A31EC1}.Debug|Any CPU.ActiveCfg = Debug|Any CPU
		{3DB229A9-A264-A3EB-6064-70BFB8A31EC1}.Debug|Any CPU.Build.0 = Debug|Any CPU
		{3DB229A9-A264-A3EB-6064-70BFB8A31EC1}.Debug|x64.ActiveCfg = Debug|Any CPU
		{3DB229A9-A264-A3EB-6064-70BFB8A31EC1}.Debug|x64.Build.0 = Debug|Any CPU
		{3DB229A9-A264-A3EB-6064-70BFB8A31EC1}.Debug|x86.ActiveCfg = Debug|Any CPU
		{3DB229A9-A264-A3EB-6064-70BFB8A31EC1}.Debug|x86.Build.0 = Debug|Any CPU
		{3DB229A9-A264-A3EB-6064-70BFB8A31EC1}.Release|Any CPU.ActiveCfg = Release|Any CPU
		{3DB229A9-A264-A3EB-6064-70BFB8A31EC1}.Release|Any CPU.Build.0 = Release|Any CPU
		{3DB229A9-A264-A3EB-6064-70BFB8A31EC1}.Release|x64.ActiveCfg = Release|Any CPU
		{3DB229A9-A264-A3EB-6064-70BFB8A31EC1}.Release|x64.Build.0 = Release|Any CPU
		{3DB229A9-A264-A3EB-6064-70BFB8A31EC1}.Release|x86.ActiveCfg = Release|Any CPU
		{3DB229A9-A264-A3EB-6064-70BFB8A31EC1}.Release|x86.Build.0 = Release|Any CPU
	EndGlobalSection
	GlobalSection(SolutionProperties) = preSolution
		HideSolutionNode = FALSE
	EndGlobalSection
	GlobalSection(ExtensibilityGlobals) = postSolution
		SolutionGuid = {816D1921-42FA-438D-8CA8-C7C11FA70596}
	EndGlobalSection
EndGlobal
